// !$*UTF8*$!
{
	archiveVersion = 1;
	classes = {
	};
	objectVersion = 50;
	objects = {

/* Begin PBXBuildFile section */
		DB79DBA724B48CBA0078898C /* AppDelegate.swift in Sources */ = {isa = PBXBuildFile; fileRef = DB79DBA624B48CBA0078898C /* AppDelegate.swift */; };
		DB79DBA924B48CBA0078898C /* SceneDelegate.swift in Sources */ = {isa = PBXBuildFile; fileRef = DB79DBA824B48CBA0078898C /* SceneDelegate.swift */; };
		DB79DBAE24B48CBA0078898C /* Main.storyboard in Resources */ = {isa = PBXBuildFile; fileRef = DB79DBAC24B48CBA0078898C /* Main.storyboard */; };
		DB79DBB024B48CBB0078898C /* Assets.xcassets in Resources */ = {isa = PBXBuildFile; fileRef = DB79DBAF24B48CBB0078898C /* Assets.xcassets */; };
		DB79DBB324B48CBB0078898C /* LaunchScreen.storyboard in Resources */ = {isa = PBXBuildFile; fileRef = DB79DBB124B48CBB0078898C /* LaunchScreen.storyboard */; };
		DB79DBBE24B48D980078898C /* GalleryController.swift in Sources */ = {isa = PBXBuildFile; fileRef = DB79DBBD24B48D980078898C /* GalleryController.swift */; };
		DB79DBC024B498BA0078898C /* GalleryCell.swift in Sources */ = {isa = PBXBuildFile; fileRef = DB79DBBF24B498B90078898C /* GalleryCell.swift */; };
/* End PBXBuildFile section */

/* Begin PBXFileReference section */
		DB79DBA324B48CBA0078898C /* flickr_image_gallery.app */ = {isa = PBXFileReference; explicitFileType = wrapper.application; includeInIndex = 0; path = flickr_image_gallery.app; sourceTree = BUILT_PRODUCTS_DIR; };
		DB79DBA624B48CBA0078898C /* AppDelegate.swift */ = {isa = PBXFileReference; lastKnownFileType = sourcecode.swift; path = AppDelegate.swift; sourceTree = "<group>"; };
		DB79DBA824B48CBA0078898C /* SceneDelegate.swift */ = {isa = PBXFileReference; lastKnownFileType = sourcecode.swift; path = SceneDelegate.swift; sourceTree = "<group>"; };
		DB79DBAD24B48CBA0078898C /* Base */ = {isa = PBXFileReference; lastKnownFileType = file.storyboard; name = Base; path = Base.lproj/Main.storyboard; sourceTree = "<group>"; };
		DB79DBAF24B48CBB0078898C /* Assets.xcassets */ = {isa = PBXFileReference; lastKnownFileType = folder.assetcatalog; path = Assets.xcassets; sourceTree = "<group>"; };
		DB79DBB224B48CBB0078898C /* Base */ = {isa = PBXFileReference; lastKnownFileType = file.storyboard; name = Base; path = Base.lproj/LaunchScreen.storyboard; sourceTree = "<group>"; };
		DB79DBB424B48CBB0078898C /* Info.plist */ = {isa = PBXFileReference; lastKnownFileType = text.plist.xml; path = Info.plist; sourceTree = "<group>"; };
		DB79DBBD24B48D980078898C /* GalleryController.swift */ = {isa = PBXFileReference; lastKnownFileType = sourcecode.swift; path = GalleryController.swift; sourceTree = "<group>"; };
		DB79DBBF24B498B90078898C /* GalleryCell.swift */ = {isa = PBXFileReference; lastKnownFileType = sourcecode.swift; path = GalleryCell.swift; sourceTree = "<group>"; };
/* End PBXFileReference section */

/* Begin PBXFrameworksBuildPhase section */
		DB79DBA024B48CBA0078898C /* Frameworks */ = {
			isa = PBXFrameworksBuildPhase;
			buildActionMask = 2147483647;
			files = (
			);
			runOnlyForDeploymentPostprocessing = 0;
		};
/* End PBXFrameworksBuildPhase section */

/* Begin PBXGroup section */
		DB79DB9A24B48CBA0078898C = {
			isa = PBXGroup;
			children = (
				DB79DBA524B48CBA0078898C /* flickr_image_gallery */,
				DB79DBA424B48CBA0078898C /* Products */,
			);
			sourceTree = "<group>";
		};
		DB79DBA424B48CBA0078898C /* Products */ = {
			isa = PBXGroup;
			children = (
				DB79DBA324B48CBA0078898C /* flickr_image_gallery.app */,
			);
			name = Products;
			sourceTree = "<group>";
		};
		DB79DBA524B48CBA0078898C /* flickr_image_gallery */ = {
			isa = PBXGroup;
			children = (
				DB79DBBA24B48D130078898C /* harness */,
				DB79DBAC24B48CBA0078898C /* Main.storyboard */,
				DB79DBB424B48CBB0078898C /* Info.plist */,
				DB79DBBD24B48D980078898C /* GalleryController.swift */,
				DB79DBBF24B498B90078898C /* GalleryCell.swift */,
			);
			path = flickr_image_gallery;
			sourceTree = "<group>";
		};
		DB79DBBA24B48D130078898C /* harness */ = {
			isa = PBXGroup;
			children = (
				DB79DBA624B48CBA0078898C /* AppDelegate.swift */,
				DB79DBA824B48CBA0078898C /* SceneDelegate.swift */,
				DB79DBAF24B48CBB0078898C /* Assets.xcassets */,
				DB79DBB124B48CBB0078898C /* LaunchScreen.storyboard */,
			);
			path = harness;
			sourceTree = "<group>";
		};
/* End PBXGroup section */

/* Begin PBXNativeTarget section */
		DB79DBA224B48CBA0078898C /* flickr_image_gallery */ = {
			isa = PBXNativeTarget;
			buildConfigurationList = DB79DBB724B48CBB0078898C /* Build configuration list for PBXNativeTarget "flickr_image_gallery" */;
			buildPhases = (
				DB79DB9F24B48CBA0078898C /* Sources */,
				DB79DBA024B48CBA0078898C /* Frameworks */,
				DB79DBA124B48CBA0078898C /* Resources */,
			);
			buildRules = (
			);
			dependencies = (
			);
			name = flickr_image_gallery;
			productName = flickr_image_gallery;
			productReference = DB79DBA324B48CBA0078898C /* flickr_image_gallery.app */;
			productType = "com.apple.product-type.application";
		};
/* End PBXNativeTarget section */

/* Begin PBXProject section */
		DB79DB9B24B48CBA0078898C /* Project object */ = {
			isa = PBXProject;
			attributes = {
				LastSwiftUpdateCheck = 1150;
				LastUpgradeCheck = 1150;
				ORGANIZATIONNAME = bokka;
				TargetAttributes = {
					DB79DBA224B48CBA0078898C = {
						CreatedOnToolsVersion = 11.5;
					};
				};
			};
			buildConfigurationList = DB79DB9E24B48CBA0078898C /* Build configuration list for PBXProject "flickr_image_gallery" */;
			compatibilityVersion = "Xcode 9.3";
			developmentRegion = en;
			hasScannedForEncodings = 0;
			knownRegions = (
				en,
				Base,
			);
			mainGroup = DB79DB9A24B48CBA0078898C;
			productRefGroup = DB79DBA424B48CBA0078898C /* Products */;
			projectDirPath = "";
			projectRoot = "";
			targets = (
				DB79DBA224B48CBA0078898C /* flickr_image_gallery */,
			);
		};
/* End PBXProject section */

/* Begin PBXResourcesBuildPhase section */
		DB79DBA124B48CBA0078898C /* Resources */ = {
			isa = PBXResourcesBuildPhase;
			buildActionMask = 2147483647;
			files = (
				DB79DBB324B48CBB0078898C /* LaunchScreen.storyboard in Resources */,
				DB79DBB024B48CBB0078898C /* Assets.xcassets in Resources */,
				DB79DBAE24B48CBA0078898C /* Main.storyboard in Resources */,
			);
			runOnlyForDeploymentPostprocessing = 0;
		};
/* End PBXResourcesBuildPhase section */

/* Begin PBXSourcesBuildPhase section */
		DB79DB9F24B48CBA0078898C /* Sources */ = {
			isa = PBXSourcesBuildPhase;
			buildActionMask = 2147483647;
			files = (
				DB79DBBE24B48D980078898C /* GalleryController.swift in Sources */,
				DB79DBC024B498BA0078898C /* GalleryCell.swift in Sources */,
				DB79DBA724B48CBA0078898C /* AppDelegate.swift in Sources */,
				DB79DBA924B48CBA0078898C /* SceneDelegate.swift in Sources */,
			);
			runOnlyForDeploymentPostprocessing = 0;
		};
/* End PBXSourcesBuildPhase section */

/* Begin PBXVariantGroup section */
		DB79DBAC24B48CBA0078898C /* Main.storyboard */ = {
			isa = PBXVariantGroup;
			children = (
				DB79DBAD24B48CBA0078898C /* Base */,
			);
			name = Main.storyboard;
			sourceTree = "<group>";
		};
		DB79DBB124B48CBB0078898C /* LaunchScreen.storyboard */ = {
			isa = PBXVariantGroup;
			children = (
				DB79DBB224B48CBB0078898C /* Base */,
			);
			name = LaunchScreen.storyboard;
			sourceTree = "<group>";
		};
/* End PBXVariantGroup section */

/* Begin XCBuildConfiguration section */
		DB79DBB524B48CBB0078898C /* Debug */ = {
			isa = XCBuildConfiguration;
			buildSettings = {
				ALWAYS_SEARCH_USER_PATHS = NO;
				CLANG_ANALYZER_NONNULL = YES;
				CLANG_ANALYZER_NUMBER_OBJECT_CONVERSION = YES_AGGRESSIVE;
				CLANG_CXX_LANGUAGE_STANDARD = "gnu++14";
				CLANG_CXX_LIBRARY = "libc++";
				CLANG_ENABLE_MODULES = YES;
				CLANG_ENABLE_OBJC_ARC = YES;
				CLANG_ENABLE_OBJC_WEAK = YES;
				CLANG_WARN_BLOCK_CAPTURE_AUTORELEASING = YES;
				CLANG_WARN_BOOL_CONVERSION = YES;
				CLANG_WARN_COMMA = YES;
				CLANG_WARN_CONSTANT_CONVERSION = YES;
				CLANG_WARN_DEPRECATED_OBJC_IMPLEMENTATIONS = YES;
				CLANG_WARN_DIRECT_OBJC_ISA_USAGE = YES_ERROR;
				CLANG_WARN_DOCUMENTATION_COMMENTS = YES;
				CLANG_WARN_EMPTY_BODY = YES;
				CLANG_WARN_ENUM_CONVERSION = YES;
				CLANG_WARN_INFINITE_RECURSION = YES;
				CLANG_WARN_INT_CONVERSION = YES;
				CLANG_WARN_NON_LITERAL_NULL_CONVERSION = YES;
				CLANG_WARN_OBJC_IMPLICIT_RETAIN_SELF = YES;
				CLANG_WARN_OBJC_LITERAL_CONVERSION = YES;
				CLANG_WARN_OBJC_ROOT_CLASS = YES_ERROR;
				CLANG_WARN_RANGE_LOOP_ANALYSIS = YES;
				CLANG_WARN_STRICT_PROTOTYPES = YES;
				CLANG_WARN_SUSPICIOUS_MOVE = YES;
				CLANG_WARN_UNGUARDED_AVAILABILITY = YES_AGGRESSIVE;
				CLANG_WARN_UNREACHABLE_CODE = YES;
				CLANG_WARN__DUPLICATE_METHOD_MATCH = YES;
				COPY_PHASE_STRIP = NO;
				DEBUG_INFORMATION_FORMAT = dwarf;
				ENABLE_STRICT_OBJC_MSGSEND = YES;
				ENABLE_TESTABILITY = YES;
				GCC_C_LANGUAGE_STANDARD = gnu11;
				GCC_DYNAMIC_NO_PIC = NO;
				GCC_NO_COMMON_BLOCKS = YES;
				GCC_OPTIMIZATION_LEVEL = 0;
				GCC_PREPROCESSOR_DEFINITIONS = (
					"DEBUG=1",
					"$(inherited)",
				);
				GCC_WARN_64_TO_32_BIT_CONVERSION = YES;
				GCC_WARN_ABOUT_RETURN_TYPE = YES_ERROR;
				GCC_WARN_UNDECLARED_SELECTOR = YES;
				GCC_WARN_UNINITIALIZED_AUTOS = YES_AGGRESSIVE;
				GCC_WARN_UNUSED_FUNCTION = YES;
				GCC_WARN_UNUSED_VARIABLE = YES;
				IPHONEOS_DEPLOYMENT_TARGET = 13.5;
				MTL_ENABLE_DEBUG_INFO = INCLUDE_SOURCE;
				MTL_FAST_MATH = YES;
				ONLY_ACTIVE_ARCH = YES;
				SDKROOT = iphoneos;
				SWIFT_ACTIVE_COMPILATION_CONDITIONS = DEBUG;
				SWIFT_OPTIMIZATION_LEVEL = "-Onone";
			};
			name = Debug;
		};
		DB79DBB624B48CBB0078898C /* Release */ = {
			isa = XCBuildConfiguration;
			buildSettings = {
				ALWAYS_SEARCH_USER_PATHS = NO;
				CLANG_ANALYZER_NONNULL = YES;
				CLANG_ANALYZER_NUMBER_OBJECT_CONVERSION = YES_AGGRESSIVE;
				CLANG_CXX_LANGUAGE_STANDARD = "gnu++14";
				CLANG_CXX_LIBRARY = "libc++";
				CLANG_ENABLE_MODULES = YES;
				CLANG_ENABLE_OBJC_ARC = YES;
				CLANG_ENABLE_OBJC_WEAK = YES;
				CLANG_WARN_BLOCK_CAPTURE_AUTORELEASING = YES;
				CLANG_WARN_BOOL_CONVERSION = YES;
				CLANG_WARN_COMMA = YES;
				CLANG_WARN_CONSTANT_CONVERSION = YES;
				CLANG_WARN_DEPRECATED_OBJC_IMPLEMENTATIONS = YES;
				CLANG_WARN_DIRECT_OBJC_ISA_USAGE = YES_ERROR;
				CLANG_WARN_DOCUMENTATION_COMMENTS = YES;
				CLANG_WARN_EMPTY_BODY = YES;
				CLANG_WARN_ENUM_CONVERSION = YES;
				CLANG_WARN_INFINITE_RECURSION = YES;
				CLANG_WARN_INT_CONVERSION = YES;
				CLANG_WARN_NON_LITERAL_NULL_CONVERSION = YES;
				CLANG_WARN_OBJC_IMPLICIT_RETAIN_SELF = YES;
				CLANG_WARN_OBJC_LITERAL_CONVERSION = YES;
				CLANG_WARN_OBJC_ROOT_CLASS = YES_ERROR;
				CLANG_WARN_RANGE_LOOP_ANALYSIS = YES;
				CLANG_WARN_STRICT_PROTOTYPES = YES;
				CLANG_WARN_SUSPICIOUS_MOVE = YES;
				CLANG_WARN_UNGUARDED_AVAILABILITY = YES_AGGRESSIVE;
				CLANG_WARN_UNREACHABLE_CODE = YES;
				CLANG_WARN__DUPLICATE_METHOD_MATCH = YES;
				COPY_PHASE_STRIP = NO;
				DEBUG_INFORMATION_FORMAT = "dwarf-with-dsym";
				ENABLE_NS_ASSERTIONS = NO;
				ENABLE_STRICT_OBJC_MSGSEND = YES;
				GCC_C_LANGUAGE_STANDARD = gnu11;
				GCC_NO_COMMON_BLOCKS = YES;
				GCC_WARN_64_TO_32_BIT_CONVERSION = YES;
				GCC_WARN_ABOUT_RETURN_TYPE = YES_ERROR;
				GCC_WARN_UNDECLARED_SELECTOR = YES;
				GCC_WARN_UNINITIALIZED_AUTOS = YES_AGGRESSIVE;
				GCC_WARN_UNUSED_FUNCTION = YES;
				GCC_WARN_UNUSED_VARIABLE = YES;
				IPHONEOS_DEPLOYMENT_TARGET = 13.5;
				MTL_ENABLE_DEBUG_INFO = NO;
				MTL_FAST_MATH = YES;
				SDKROOT = iphoneos;
				SWIFT_COMPILATION_MODE = wholemodule;
				SWIFT_OPTIMIZATION_LEVEL = "-O";
				VALIDATE_PRODUCT = YES;
			};
			name = Release;
		};
		DB79DBB824B48CBB0078898C /* Debug */ = {
			isa = XCBuildConfiguration;
			buildSettings = {
				ASSETCATALOG_COMPILER_APPICON_NAME = AppIcon;
				CODE_SIGN_STYLE = Automatic;
				DEVELOPMENT_TEAM = 83E4QMMMPV;
				INFOPLIST_FILE = flickr_image_gallery/Info.plist;
				LD_RUNPATH_SEARCH_PATHS = (
					"$(inherited)",
					"@executable_path/Frameworks",
				);
				PRODUCT_BUNDLE_IDENTIFIER = "io.rbhbokka.flickr-image-gallery";
				PRODUCT_NAME = "$(TARGET_NAME)";
				SWIFT_VERSION = 5.0;
				TARGETED_DEVICE_FAMILY = "1,2";
			};
			name = Debug;
		};
		DB79DBB924B48CBB0078898C /* Release */ = {
			isa = XCBuildConfiguration;
			buildSettings = {
				ASSETCATALOG_COMPILER_APPICON_NAME = AppIcon;
				CODE_SIGN_STYLE = Automatic;
				DEVELOPMENT_TEAM = 83E4QMMMPV;
				INFOPLIST_FILE = flickr_image_gallery/Info.plist;
				LD_RUNPATH_SEARCH_PATHS = (
					"$(inherited)",
					"@executable_path/Frameworks",
				);
				PRODUCT_BUNDLE_IDENTIFIER = "io.rbhbokka.flickr-image-gallery";
				PRODUCT_NAME = "$(TARGET_NAME)";
				SWIFT_VERSION = 5.0;
				TARGETED_DEVICE_FAMILY = "1,2";
			};
			name = Release;
		};
/* End XCBuildConfiguration section */

/* Begin XCConfigurationList section */
		DB79DB9E24B48CBA0078898C /* Build configuration list for PBXProject "flickr_image_gallery" */ = {
			isa = XCConfigurationList;
			buildConfigurations = (
				DB79DBB524B48CBB0078898C /* Debug */,
				DB79DBB624B48CBB0078898C /* Release */,
			);
			defaultConfigurationIsVisible = 0;
			defaultConfigurationName = Release;
		};
		DB79DBB724B48CBB0078898C /* Build configuration list for PBXNativeTarget "flickr_image_gallery" */ = {
			isa = XCConfigurationList;
			buildConfigurations = (
				DB79DBB824B48CBB0078898C /* Debug */,
				DB79DBB924B48CBB0078898C /* Release */,
			);
			defaultConfigurationIsVisible = 0;
			defaultConfigurationName = Release;
		};
/* End XCConfigurationList section */
	};
	rootObject = DB79DB9B24B48CBA0078898C /* Project object */;
}
